dependencies:
- name: redis
  repository: oci://registry-1.docker.io/bitnamicharts
  version: 17.16.0
- name: postgresql-ha
  repository: oci://registry-1.docker.io/bitnamicharts
  version: 11.9.0
digest: sha256:a20c735991a7e4781717f94addfa1517686fd62942ce9743d7bc1dce52e22a9a
generated: "2023-08-23T22:35:18.017982+08:00"
